
Microsoft Visual Studio Solution File, Format Version 12.00
# Visual Studio Version 17
VisualStudioVersion = 17.5.002.0
MinimumVisualStudioVersion = 10.0.40219.1
Project("{2150E333-8FDC-42A3-9474-1A3956D46DE8}") = "VIIPER", "VIIPER", "{6ADA1EC6-FCFF-4A62-BC11-F5D4875FBDAF}"
EndProject
Project("{2150E333-8FDC-42A3-9474-1A3956D46DE8}") = "examples", "examples", "{B2E0DF29-2652-4C48-86FF-A7D0DD2E00D7}"
EndProject
Project("{2150E333-8FDC-42A3-9474-1A3956D46DE8}") = "csharp", "csharp", "{D6F7B01F-082A-4F8B-B68A-264975DA89D0}"
EndProject
Project("{9A19103F-16F7-4668-BE54-9A1E7A4F7556}") = "VirtualDs4Pad", "VIIPER\examples\csharp\virtual_ds4_pad\VirtualDs4Pad.csproj", "{F927A85E-B849-4187-8DB6-20E1DE808AF6}"
EndProject
Project("{9A19103F-16F7-4668-BE54-9A1E7A4F7556}") = "VirtualKeyboard", "VIIPER\examples\csharp\virtual_keyboard\VirtualKeyboard.csproj", "{57930F03-D650-43D6-8CAE-47EEE64218C0}"
EndProject
Project("{9A19103F-16F7-4668-BE54-9A1E7A4F7556}") = "VirtualMouse", "VIIPER\examples\csharp\virtual_mouse\VirtualMouse.csproj", "{C186223B-465D-48C7-9562-2C75244ACA20}"
EndProject
Project("{9A19103F-16F7-4668-BE54-9A1E7A4F7556}") = "VirtualX360Pad", "VIIPER\examples\csharp\virtual_x360_pad\VirtualX360Pad.csproj", "{A27E560C-1B4E-4FAF-BE7E-2A423AB7E8AE}"
EndProject
Project("{2150E333-8FDC-42A3-9474-1A3956D46DE8}") = "libVIIPER", "libVIIPER", "{E76743D7-DC21-4278-A1BC-94AB46FCA67C}"
EndProject
Project("{9A19103F-16F7-4668-BE54-9A1E7A4F7556}") = "libVIIPER_example", "VIIPER\examples\libVIIPER\csharp\libVIIPER_example.csproj", "{4404A60B-B334-4B04-A98C-E4079C54AE43}"
EndProject
Global
	GlobalSection(SolutionConfigurationPlatforms) = preSolution
		Debug|Any CPU = Debug|Any CPU
		Release|Any CPU = Release|Any CPU
	EndGlobalSection
	GlobalSection(ProjectConfigurationPlatforms) = postSolution
		{F927A85E-B849-4187-8DB6-20E1DE808AF6}.Debug|Any CPU.ActiveCfg = Debug|Any CPU
		{F927A85E-B849-4187-8DB6-20E1DE808AF6}.Debug|Any CPU.Build.0 = Debug|Any CPU
		{F927A85E-B849-4187-8DB6-20E1DE808AF6}.Release|Any CPU.ActiveCfg = Release|Any CPU
		{F927A85E-B849-4187-8DB6-20E1DE808AF6}.Release|Any CPU.Build.0 = Release|Any CPU
		{57930F03-D650-43D6-8CAE-47EEE64218C0}.Debug|Any CPU.ActiveCfg = Debug|Any CPU
		{57930F03-D650-43D6-8CAE-47EEE64218C0}.Debug|Any CPU.Build.0 = Debug|Any CPU
		{57930F03-D650-43D6-8CAE-47EEE64218C0}.Release|Any CPU.ActiveCfg = Release|Any CPU
		{57930F03-D650-43D6-8CAE-47EEE64218C0}.Release|Any CPU.Build.0 = Release|Any CPU
		{C186223B-465D-48C7-9562-2C75244ACA20}.Debug|Any CPU.ActiveCfg = Debug|Any CPU
		{C186223B-465D-48C7-9562-2C75244ACA20}.Debug|Any CPU.Build.0 = Debug|Any CPU
		{C186223B-465D-48C7-9562-2C75244ACA20}.Release|Any CPU.ActiveCfg = Release|Any CPU
		{C186223B-465D-48C7-9562-2C75244ACA20}.Release|Any CPU.Build.0 = Release|Any CPU
		{A27E560C-1B4E-4FAF-BE7E-2A423AB7E8AE}.Debug|Any CPU.ActiveCfg = Debug|Any CPU
		{A27E560C-1B4E-4FAF-BE7E-2A423AB7E8AE}.Debug|Any CPU.Build.0 = Debug|Any CPU
		{A27E560C-1B4E-4FAF-BE7E-2A423AB7E8AE}.Release|Any CPU.ActiveCfg = Release|Any CPU
		{A27E560C-1B4E-4FAF-BE7E-2A423AB7E8AE}.Release|Any CPU.Build.0 = Release|Any CPU
		{4404A60B-B334-4B04-A98C-E4079C54AE43}.Debug|Any CPU.ActiveCfg = Debug|Any CPU
		{4404A60B-B334-4B04-A98C-E4079C54AE43}.Debug|Any CPU.Build.0 = Debug|Any CPU
		{4404A60B-B334-4B04-A98C-E4079C54AE43}.Release|Any CPU.ActiveCfg = Release|Any CPU
		{4404A60B-B334-4B04-A98C-E4079C54AE43}.Release|Any CPU.Build.0 = Release|Any CPU
	EndGlobalSection
	GlobalSection(SolutionProperties) = preSolution
		HideSolutionNode = FALSE
	EndGlobalSection
	GlobalSection(NestedProjects) = preSolution
		{B2E0DF29-2652-4C48-86FF-A7D0DD2E00D7} = {6ADA1EC6-FCFF-4A62-BC11-F5D4875FBDAF}
		{D6F7B01F-082A-4F8B-B68A-264975DA89D0} = {B2E0DF29-2652-4C48-86FF-A7D0DD2E00D7}
		{F927A85E-B849-4187-8DB6-20E1DE808AF6} = {D6F7B01F-082A-4F8B-B68A-264975DA89D0}
		{57930F03-D650-43D6-8CAE-47EEE64218C0} = {D6F7B01F-082A-4F8B-B68A-264975DA89D0}
		{C186223B-465D-48C7-9562-2C75244ACA20} = {D6F7B01F-082A-4F8B-B68A-264975DA89D0}
		{A27E560C-1B4E-4FAF-BE7E-2A423AB7E8AE} = {D6F7B01F-082A-4F8B-B68A-264975DA89D0}
		{E76743D7-DC21-4278-A1BC-94AB46FCA67C} = {B2E0DF29-2652-4C48-86FF-A7D0DD2E00D7}
		{4404A60B-B334-4B04-A98C-E4079C54AE43} = {E76743D7-DC21-4278-A1BC-94AB46FCA67C}
	EndGlobalSection
	GlobalSection(ExtensibilityGlobals) = postSolution
		SolutionGuid = {4DD6CB23-48B1-45FD-953E-99CEA09FDAE7}
	EndGlobalSection
EndGlobal
